<Solution>
  <Folder Name="/src/">
    <Project Path="src/EncDotNet.S100.ExchangeSet/EncDotNet.S100.ExchangeSet.csproj" />
    <Project Path="src/EncDotNet.S100.Features/EncDotNet.S100.Features.csproj" />
    <Project Path="src/EncDotNet.S100.Portrayals/EncDotNet.S100.Portrayals.csproj" />
  </Folder>
</Solution>
